// !$*UTF8*$!
{
	archiveVersion = 1;
	classes = {
	};
	objectVersion = 51;
	objects = {

/* Begin PBXBuildFile section */
		25A6E5C195EA193BF3AE6809 /* Pods_Achieve_iOS.framework in Frameworks */ = {isa = PBXBuildFile; fileRef = BD6C7DCE3A419D9639D915C1 /* Pods_Achieve_iOS.framework */; };
		D1391E23252CD98B00272939 /* GoogleService-Info.plist in Resources */ = {isa = PBXBuildFile; fileRef = D1391E22252CD98A00272939 /* GoogleService-Info.plist */; };
		D16CB0A9252BC77200EB7D7F /* AppDelegate.swift in Sources */ = {isa = PBXBuildFile; fileRef = D16CB0A8252BC77200EB7D7F /* AppDelegate.swift */; };
		D16CB0AB252BC77200EB7D7F /* SceneDelegate.swift in Sources */ = {isa = PBXBuildFile; fileRef = D16CB0AA252BC77200EB7D7F /* SceneDelegate.swift */; };
		D16CB0B2252BC77800EB7D7F /* Assets.xcassets in Resources */ = {isa = PBXBuildFile; fileRef = D16CB0B1252BC77800EB7D7F /* Assets.xcassets */; };
		D16CB0B5252BC77800EB7D7F /* LaunchScreen.storyboard in Resources */ = {isa = PBXBuildFile; fileRef = D16CB0B3252BC77800EB7D7F /* LaunchScreen.storyboard */; };
		D16CB0C4252BC84600EB7D7F /* Start.storyboard in Resources */ = {isa = PBXBuildFile; fileRef = D16CB0C3252BC84600EB7D7F /* Start.storyboard */; };
		D16CB0CB252BCB4B00EB7D7F /* SignUpViewController.swift in Sources */ = {isa = PBXBuildFile; fileRef = D16CB0CA252BCB4B00EB7D7F /* SignUpViewController.swift */; };
		D16CB0D0252BCCF000EB7D7F /* SignInViewController.swift in Sources */ = {isa = PBXBuildFile; fileRef = D16CB0CF252BCCF000EB7D7F /* SignInViewController.swift */; };
		D1BF4EB1252FB30A0084B56A /* TabBarViewController.swift in Sources */ = {isa = PBXBuildFile; fileRef = D1BF4EB0252FB30A0084B56A /* TabBarViewController.swift */; };
/* End PBXBuildFile section */

/* Begin PBXFileReference section */
		B4ADF1879D202C462F2B1DF7 /* Pods-Achieve-iOS.release.xcconfig */ = {isa = PBXFileReference; includeInIndex = 1; lastKnownFileType = text.xcconfig; name = "Pods-Achieve-iOS.release.xcconfig"; path = "Target Support Files/Pods-Achieve-iOS/Pods-Achieve-iOS.release.xcconfig"; sourceTree = "<group>"; };
		BD6C7DCE3A419D9639D915C1 /* Pods_Achieve_iOS.framework */ = {isa = PBXFileReference; explicitFileType = wrapper.framework; includeInIndex = 0; path = Pods_Achieve_iOS.framework; sourceTree = BUILT_PRODUCTS_DIR; };
		D1391E22252CD98A00272939 /* GoogleService-Info.plist */ = {isa = PBXFileReference; fileEncoding = 4; lastKnownFileType = text.plist.xml; path = "GoogleService-Info.plist"; sourceTree = "<group>"; };
		D16CB0A5252BC77200EB7D7F /* Achieve-iOS.app */ = {isa = PBXFileReference; explicitFileType = wrapper.application; includeInIndex = 0; path = "Achieve-iOS.app"; sourceTree = BUILT_PRODUCTS_DIR; };
		D16CB0A8252BC77200EB7D7F /* AppDelegate.swift */ = {isa = PBXFileReference; lastKnownFileType = sourcecode.swift; path = AppDelegate.swift; sourceTree = "<group>"; };
		D16CB0AA252BC77200EB7D7F /* SceneDelegate.swift */ = {isa = PBXFileReference; lastKnownFileType = sourcecode.swift; path = SceneDelegate.swift; sourceTree = "<group>"; };
		D16CB0B1252BC77800EB7D7F /* Assets.xcassets */ = {isa = PBXFileReference; lastKnownFileType = folder.assetcatalog; path = Assets.xcassets; sourceTree = "<group>"; };
		D16CB0B4252BC77800EB7D7F /* Base */ = {isa = PBXFileReference; lastKnownFileType = file.storyboard; name = Base; path = Base.lproj/LaunchScreen.storyboard; sourceTree = "<group>"; };
		D16CB0B6252BC77800EB7D7F /* Info.plist */ = {isa = PBXFileReference; lastKnownFileType = text.plist.xml; path = Info.plist; sourceTree = "<group>"; };
		D16CB0C3252BC84600EB7D7F /* Start.storyboard */ = {isa = PBXFileReference; lastKnownFileType = file.storyboard; path = Start.storyboard; sourceTree = "<group>"; };
		D16CB0CA252BCB4B00EB7D7F /* SignUpViewController.swift */ = {isa = PBXFileReference; lastKnownFileType = sourcecode.swift; path = SignUpViewController.swift; sourceTree = "<group>"; };
		D16CB0CF252BCCF000EB7D7F /* SignInViewController.swift */ = {isa = PBXFileReference; lastKnownFileType = sourcecode.swift; path = SignInViewController.swift; sourceTree = "<group>"; };
		D1BF4EB0252FB30A0084B56A /* TabBarViewController.swift */ = {isa = PBXFileReference; lastKnownFileType = sourcecode.swift; path = TabBarViewController.swift; sourceTree = "<group>"; };
		E844A2CDC3C8448419859E93 /* Pods-Achieve-iOS.debug.xcconfig */ = {isa = PBXFileReference; includeInIndex = 1; lastKnownFileType = text.xcconfig; name = "Pods-Achieve-iOS.debug.xcconfig"; path = "Target Support Files/Pods-Achieve-iOS/Pods-Achieve-iOS.debug.xcconfig"; sourceTree = "<group>"; };
/* End PBXFileReference section */

/* Begin PBXFrameworksBuildPhase section */
		D16CB0A2252BC77200EB7D7F /* Frameworks */ = {
			isa = PBXFrameworksBuildPhase;
			buildActionMask = 2147483647;
			files = (
				25A6E5C195EA193BF3AE6809 /* Pods_Achieve_iOS.framework in Frameworks */,
			);
			runOnlyForDeploymentPostprocessing = 0;
		};
/* End PBXFrameworksBuildPhase section */

/* Begin PBXGroup section */
		72D89B15A782ECAEF125928F /* Pods */ = {
			isa = PBXGroup;
			children = (
				E844A2CDC3C8448419859E93 /* Pods-Achieve-iOS.debug.xcconfig */,
				B4ADF1879D202C462F2B1DF7 /* Pods-Achieve-iOS.release.xcconfig */,
			);
			path = Pods;
			sourceTree = "<group>";
		};
		834C7FE93F06E8159C03541D /* Frameworks */ = {
			isa = PBXGroup;
			children = (
				BD6C7DCE3A419D9639D915C1 /* Pods_Achieve_iOS.framework */,
			);
			name = Frameworks;
			sourceTree = "<group>";
		};
		D16CB09C252BC77200EB7D7F = {
			isa = PBXGroup;
			children = (
				D16CB0A7252BC77200EB7D7F /* Achieve-iOS */,
				D16CB0A6252BC77200EB7D7F /* Products */,
				72D89B15A782ECAEF125928F /* Pods */,
				834C7FE93F06E8159C03541D /* Frameworks */,
			);
			sourceTree = "<group>";
		};
		D16CB0A6252BC77200EB7D7F /* Products */ = {
			isa = PBXGroup;
			children = (
				D16CB0A5252BC77200EB7D7F /* Achieve-iOS.app */,
			);
			name = Products;
			sourceTree = "<group>";
		};
		D16CB0A7252BC77200EB7D7F /* Achieve-iOS */ = {
			isa = PBXGroup;
			children = (
				D1391E22252CD98A00272939 /* GoogleService-Info.plist */,
				D16CB0C2252BC82C00EB7D7F /* ViewControllers */,
				D16CB0C1252BC81300EB7D7F /* StoryBoards */,
				D16CB0A8252BC77200EB7D7F /* AppDelegate.swift */,
				D16CB0AA252BC77200EB7D7F /* SceneDelegate.swift */,
				D16CB0B1252BC77800EB7D7F /* Assets.xcassets */,
				D16CB0B3252BC77800EB7D7F /* LaunchScreen.storyboard */,
				D16CB0B6252BC77800EB7D7F /* Info.plist */,
			);
			path = "Achieve-iOS";
			sourceTree = "<group>";
		};
		D16CB0C1252BC81300EB7D7F /* StoryBoards */ = {
			isa = PBXGroup;
			children = (
				D16CB0C3252BC84600EB7D7F /* Start.storyboard */,
			);
			path = StoryBoards;
			sourceTree = "<group>";
		};
		D16CB0C2252BC82C00EB7D7F /* ViewControllers */ = {
			isa = PBXGroup;
			children = (
				D16CB0CA252BCB4B00EB7D7F /* SignUpViewController.swift */,
				D16CB0CF252BCCF000EB7D7F /* SignInViewController.swift */,
				D1BF4EB0252FB30A0084B56A /* TabBarViewController.swift */,
			);
			path = ViewControllers;
			sourceTree = "<group>";
		};
/* End PBXGroup section */

/* Begin PBXNativeTarget section */
		D16CB0A4252BC77200EB7D7F /* Achieve-iOS */ = {
			isa = PBXNativeTarget;
			buildConfigurationList = D16CB0B9252BC77800EB7D7F /* Build configuration list for PBXNativeTarget "Achieve-iOS" */;
			buildPhases = (
				9096DED947ED7B7BEE8461C1 /* [CP] Check Pods Manifest.lock */,
				D16CB0A1252BC77200EB7D7F /* Sources */,
				D16CB0A2252BC77200EB7D7F /* Frameworks */,
				D16CB0A3252BC77200EB7D7F /* Resources */,
				EBF563CA9F1D7D892EBC5FAE /* [CP] Embed Pods Frameworks */,
			);
			buildRules = (
			);
			dependencies = (
			);
			name = "Achieve-iOS";
			productName = "Achieve-iOS";
			productReference = D16CB0A5252BC77200EB7D7F /* Achieve-iOS.app */;
			productType = "com.apple.product-type.application";
		};
/* End PBXNativeTarget section */

/* Begin PBXProject section */
		D16CB09D252BC77200EB7D7F /* Project object */ = {
			isa = PBXProject;
			attributes = {
				LastSwiftUpdateCheck = 1200;
				LastUpgradeCheck = 1200;
				TargetAttributes = {
					D16CB0A4252BC77200EB7D7F = {
						CreatedOnToolsVersion = 12.0.1;
					};
				};
			};
			buildConfigurationList = D16CB0A0252BC77200EB7D7F /* Build configuration list for PBXProject "Achieve-iOS" */;
			compatibilityVersion = "Xcode 9.3";
			developmentRegion = en;
			hasScannedForEncodings = 0;
			knownRegions = (
				en,
				Base,
			);
			mainGroup = D16CB09C252BC77200EB7D7F;
			productRefGroup = D16CB0A6252BC77200EB7D7F /* Products */;
			projectDirPath = "";
			projectRoot = "";
			targets = (
				D16CB0A4252BC77200EB7D7F /* Achieve-iOS */,
			);
		};
/* End PBXProject section */

/* Begin PBXResourcesBuildPhase section */
		D16CB0A3252BC77200EB7D7F /* Resources */ = {
			isa = PBXResourcesBuildPhase;
			buildActionMask = 2147483647;
			files = (
				D16CB0B5252BC77800EB7D7F /* LaunchScreen.storyboard in Resources */,
				D1391E23252CD98B00272939 /* GoogleService-Info.plist in Resources */,
				D16CB0B2252BC77800EB7D7F /* Assets.xcassets in Resources */,
				D16CB0C4252BC84600EB7D7F /* Start.storyboard in Resources */,
			);
			runOnlyForDeploymentPostprocessing = 0;
		};
/* End PBXResourcesBuildPhase section */

/* Begin PBXShellScriptBuildPhase section */
		9096DED947ED7B7BEE8461C1 /* [CP] Check Pods Manifest.lock */ = {
			isa = PBXShellScriptBuildPhase;
			buildActionMask = 2147483647;
			files = (
			);
			inputFileListPaths = (
			);
			inputPaths = (
				"${PODS_PODFILE_DIR_PATH}/Podfile.lock",
				"${PODS_ROOT}/Manifest.lock",
			);
			name = "[CP] Check Pods Manifest.lock";
			outputFileListPaths = (
			);
			outputPaths = (
				"$(DERIVED_FILE_DIR)/Pods-Achieve-iOS-checkManifestLockResult.txt",
			);
			runOnlyForDeploymentPostprocessing = 0;
			shellPath = /bin/sh;
			shellScript = "diff \"${PODS_PODFILE_DIR_PATH}/Podfile.lock\" \"${PODS_ROOT}/Manifest.lock\" > /dev/null\nif [ $? != 0 ] ; then\n    # print error to STDERR\n    echo \"error: The sandbox is not in sync with the Podfile.lock. Run 'pod install' or update your CocoaPods installation.\" >&2\n    exit 1\nfi\n# This output is used by Xcode 'outputs' to avoid re-running this script phase.\necho \"SUCCESS\" > \"${SCRIPT_OUTPUT_FILE_0}\"\n";
			showEnvVarsInLog = 0;
		};
		EBF563CA9F1D7D892EBC5FAE /* [CP] Embed Pods Frameworks */ = {
			isa = PBXShellScriptBuildPhase;
			buildActionMask = 2147483647;
			files = (
			);
			inputFileListPaths = (
				"${PODS_ROOT}/Target Support Files/Pods-Achieve-iOS/Pods-Achieve-iOS-frameworks-${CONFIGURATION}-input-files.xcfilelist",
			);
			name = "[CP] Embed Pods Frameworks";
			outputFileListPaths = (
				"${PODS_ROOT}/Target Support Files/Pods-Achieve-iOS/Pods-Achieve-iOS-frameworks-${CONFIGURATION}-output-files.xcfilelist",
			);
			runOnlyForDeploymentPostprocessing = 0;
			shellPath = /bin/sh;
			shellScript = "\"${PODS_ROOT}/Target Support Files/Pods-Achieve-iOS/Pods-Achieve-iOS-frameworks.sh\"\n";
			showEnvVarsInLog = 0;
		};
/* End PBXShellScriptBuildPhase section */

/* Begin PBXSourcesBuildPhase section */
		D16CB0A1252BC77200EB7D7F /* Sources */ = {
			isa = PBXSourcesBuildPhase;
			buildActionMask = 2147483647;
			files = (
				D16CB0D0252BCCF000EB7D7F /* SignInViewController.swift in Sources */,
				D16CB0A9252BC77200EB7D7F /* AppDelegate.swift in Sources */,
				D16CB0AB252BC77200EB7D7F /* SceneDelegate.swift in Sources */,
				D1BF4EB1252FB30A0084B56A /* TabBarViewController.swift in Sources */,
				D16CB0CB252BCB4B00EB7D7F /* SignUpViewController.swift in Sources */,
			);
			runOnlyForDeploymentPostprocessing = 0;
		};
/* End PBXSourcesBuildPhase section */

/* Begin PBXVariantGroup section */
		D16CB0B3252BC77800EB7D7F /* LaunchScreen.storyboard */ = {
			isa = PBXVariantGroup;
			children = (
				D16CB0B4252BC77800EB7D7F /* Base */,
			);
			name = LaunchScreen.storyboard;
			sourceTree = "<group>";
		};
/* End PBXVariantGroup section */

/* Begin XCBuildConfiguration section */
		D16CB0B7252BC77800EB7D7F /* Debug */ = {
			isa = XCBuildConfiguration;
			buildSettings = {
				ALWAYS_SEARCH_USER_PATHS = NO;
				CLANG_ANALYZER_NONNULL = YES;
				CLANG_ANALYZER_NUMBER_OBJECT_CONVERSION = YES_AGGRESSIVE;
				CLANG_CXX_LANGUAGE_STANDARD = "gnu++14";
				CLANG_CXX_LIBRARY = "libc++";
				CLANG_ENABLE_MODULES = YES;
				CLANG_ENABLE_OBJC_ARC = YES;
				CLANG_ENABLE_OBJC_WEAK = YES;
				CLANG_WARN_BLOCK_CAPTURE_AUTORELEASING = YES;
				CLANG_WARN_BOOL_CONVERSION = YES;
				CLANG_WARN_COMMA = YES;
				CLANG_WARN_CONSTANT_CONVERSION = YES;
				CLANG_WARN_DEPRECATED_OBJC_IMPLEMENTATIONS = YES;
				CLANG_WARN_DIRECT_OBJC_ISA_USAGE = YES_ERROR;
				CLANG_WARN_DOCUMENTATION_COMMENTS = YES;
				CLANG_WARN_EMPTY_BODY = YES;
				CLANG_WARN_ENUM_CONVERSION = YES;
				CLANG_WARN_INFINITE_RECURSION = YES;
				CLANG_WARN_INT_CONVERSION = YES;
				CLANG_WARN_NON_LITERAL_NULL_CONVERSION = YES;
				CLANG_WARN_OBJC_IMPLICIT_RETAIN_SELF = YES;
				CLANG_WARN_OBJC_LITERAL_CONVERSION = YES;
				CLANG_WARN_OBJC_ROOT_CLASS = YES_ERROR;
				CLANG_WARN_QUOTED_INCLUDE_IN_FRAMEWORK_HEADER = YES;
				CLANG_WARN_RANGE_LOOP_ANALYSIS = YES;
				CLANG_WARN_STRICT_PROTOTYPES = YES;
				CLANG_WARN_SUSPICIOUS_MOVE = YES;
				CLANG_WARN_UNGUARDED_AVAILABILITY = YES_AGGRESSIVE;
				CLANG_WARN_UNREACHABLE_CODE = YES;
				CLANG_WARN__DUPLICATE_METHOD_MATCH = YES;
				COPY_PHASE_STRIP = NO;
				DEBUG_INFORMATION_FORMAT = dwarf;
				ENABLE_STRICT_OBJC_MSGSEND = YES;
				ENABLE_TESTABILITY = YES;
				GCC_C_LANGUAGE_STANDARD = gnu11;
				GCC_DYNAMIC_NO_PIC = NO;
				GCC_NO_COMMON_BLOCKS = YES;
				GCC_OPTIMIZATION_LEVEL = 0;
				GCC_PREPROCESSOR_DEFINITIONS = (
					"DEBUG=1",
					"$(inherited)",
				);
				GCC_WARN_64_TO_32_BIT_CONVERSION = YES;
				GCC_WARN_ABOUT_RETURN_TYPE = YES_ERROR;
				GCC_WARN_UNDECLARED_SELECTOR = YES;
				GCC_WARN_UNINITIALIZED_AUTOS = YES_AGGRESSIVE;
				GCC_WARN_UNUSED_FUNCTION = YES;
				GCC_WARN_UNUSED_VARIABLE = YES;
				IPHONEOS_DEPLOYMENT_TARGET = 14.0;
				MTL_ENABLE_DEBUG_INFO = INCLUDE_SOURCE;
				MTL_FAST_MATH = YES;
				ONLY_ACTIVE_ARCH = YES;
				SDKROOT = iphoneos;
				SWIFT_ACTIVE_COMPILATION_CONDITIONS = DEBUG;
				SWIFT_OPTIMIZATION_LEVEL = "-Onone";
			};
			name = Debug;
		};
		D16CB0B8252BC77800EB7D7F /* Release */ = {
			isa = XCBuildConfiguration;
			buildSettings = {
				ALWAYS_SEARCH_USER_PATHS = NO;
				CLANG_ANALYZER_NONNULL = YES;
				CLANG_ANALYZER_NUMBER_OBJECT_CONVERSION = YES_AGGRESSIVE;
				CLANG_CXX_LANGUAGE_STANDARD = "gnu++14";
				CLANG_CXX_LIBRARY = "libc++";
				CLANG_ENABLE_MODULES = YES;
				CLANG_ENABLE_OBJC_ARC = YES;
				CLANG_ENABLE_OBJC_WEAK = YES;
				CLANG_WARN_BLOCK_CAPTURE_AUTORELEASING = YES;
				CLANG_WARN_BOOL_CONVERSION = YES;
				CLANG_WARN_COMMA = YES;
				CLANG_WARN_CONSTANT_CONVERSION = YES;
				CLANG_WARN_DEPRECATED_OBJC_IMPLEMENTATIONS = YES;
				CLANG_WARN_DIRECT_OBJC_ISA_USAGE = YES_ERROR;
				CLANG_WARN_DOCUMENTATION_COMMENTS = YES;
				CLANG_WARN_EMPTY_BODY = YES;
				CLANG_WARN_ENUM_CONVERSION = YES;
				CLANG_WARN_INFINITE_RECURSION = YES;
				CLANG_WARN_INT_CONVERSION = YES;
				CLANG_WARN_NON_LITERAL_NULL_CONVERSION = YES;
				CLANG_WARN_OBJC_IMPLICIT_RETAIN_SELF = YES;
				CLANG_WARN_OBJC_LITERAL_CONVERSION = YES;
				CLANG_WARN_OBJC_ROOT_CLASS = YES_ERROR;
				CLANG_WARN_QUOTED_INCLUDE_IN_FRAMEWORK_HEADER = YES;
				CLANG_WARN_RANGE_LOOP_ANALYSIS = YES;
				CLANG_WARN_STRICT_PROTOTYPES = YES;
				CLANG_WARN_SUSPICIOUS_MOVE = YES;
				CLANG_WARN_UNGUARDED_AVAILABILITY = YES_AGGRESSIVE;
				CLANG_WARN_UNREACHABLE_CODE = YES;
				CLANG_WARN__DUPLICATE_METHOD_MATCH = YES;
				COPY_PHASE_STRIP = NO;
				DEBUG_INFORMATION_FORMAT = "dwarf-with-dsym";
				ENABLE_NS_ASSERTIONS = NO;
				ENABLE_STRICT_OBJC_MSGSEND = YES;
				GCC_C_LANGUAGE_STANDARD = gnu11;
				GCC_NO_COMMON_BLOCKS = YES;
				GCC_WARN_64_TO_32_BIT_CONVERSION = YES;
				GCC_WARN_ABOUT_RETURN_TYPE = YES_ERROR;
				GCC_WARN_UNDECLARED_SELECTOR = YES;
				GCC_WARN_UNINITIALIZED_AUTOS = YES_AGGRESSIVE;
				GCC_WARN_UNUSED_FUNCTION = YES;
				GCC_WARN_UNUSED_VARIABLE = YES;
				IPHONEOS_DEPLOYMENT_TARGET = 14.0;
				MTL_ENABLE_DEBUG_INFO = NO;
				MTL_FAST_MATH = YES;
				SDKROOT = iphoneos;
				SWIFT_COMPILATION_MODE = wholemodule;
				SWIFT_OPTIMIZATION_LEVEL = "-O";
				VALIDATE_PRODUCT = YES;
			};
			name = Release;
		};
		D16CB0BA252BC77800EB7D7F /* Debug */ = {
			isa = XCBuildConfiguration;
			baseConfigurationReference = E844A2CDC3C8448419859E93 /* Pods-Achieve-iOS.debug.xcconfig */;
			buildSettings = {
				ASSETCATALOG_COMPILER_APPICON_NAME = AppIcon;
				ASSETCATALOG_COMPILER_GLOBAL_ACCENT_COLOR_NAME = AccentColor;
				CODE_SIGN_STYLE = Automatic;
				INFOPLIST_FILE = "Achieve-iOS/Info.plist";
				IPHONEOS_DEPLOYMENT_TARGET = 14.0;
				LD_RUNPATH_SEARCH_PATHS = (
					"$(inherited)",
					"@executable_path/Frameworks",
				);
				PRODUCT_BUNDLE_IDENTIFIER = "Mawaldi.Achieve-iOS";
				PRODUCT_NAME = "$(TARGET_NAME)";
				SWIFT_VERSION = 5.0;
				TARGETED_DEVICE_FAMILY = "1,2";
			};
			name = Debug;
		};
		D16CB0BB252BC77800EB7D7F /* Release */ = {
			isa = XCBuildConfiguration;
			baseConfigurationReference = B4ADF1879D202C462F2B1DF7 /* Pods-Achieve-iOS.release.xcconfig */;
			buildSettings = {
				ASSETCATALOG_COMPILER_APPICON_NAME = AppIcon;
				ASSETCATALOG_COMPILER_GLOBAL_ACCENT_COLOR_NAME = AccentColor;
				CODE_SIGN_STYLE = Automatic;
				INFOPLIST_FILE = "Achieve-iOS/Info.plist";
				IPHONEOS_DEPLOYMENT_TARGET = 14.0;
				LD_RUNPATH_SEARCH_PATHS = (
					"$(inherited)",
					"@executable_path/Frameworks",
				);
				PRODUCT_BUNDLE_IDENTIFIER = "Mawaldi.Achieve-iOS";
				PRODUCT_NAME = "$(TARGET_NAME)";
				SWIFT_VERSION = 5.0;
				TARGETED_DEVICE_FAMILY = "1,2";
			};
			name = Release;
		};
/* End XCBuildConfiguration section */

/* Begin XCConfigurationList section */
		D16CB0A0252BC77200EB7D7F /* Build configuration list for PBXProject "Achieve-iOS" */ = {
			isa = XCConfigurationList;
			buildConfigurations = (
				D16CB0B7252BC77800EB7D7F /* Debug */,
				D16CB0B8252BC77800EB7D7F /* Release */,
			);
			defaultConfigurationIsVisible = 0;
			defaultConfigurationName = Release;
		};
		D16CB0B9252BC77800EB7D7F /* Build configuration list for PBXNativeTarget "Achieve-iOS" */ = {
			isa = XCConfigurationList;
			buildConfigurations = (
				D16CB0BA252BC77800EB7D7F /* Debug */,
				D16CB0BB252BC77800EB7D7F /* Release */,
			);
			defaultConfigurationIsVisible = 0;
			defaultConfigurationName = Release;
		};
/* End XCConfigurationList section */
	};
	rootObject = D16CB09D252BC77200EB7D7F /* Project object */;
}
